# THIS IS AN AUTOGENERATED FILE. DO NOT EDIT THIS FILE DIRECTLY.
# yarn lockfile v1


hjson@^3.2.1:
  version "3.2.1"
  resolved "https://registry.yarnpkg.com/hjson/-/hjson-3.2.1.tgz#20de41dc87fc9a10d1557d0230b0e02afb1b09ac"
  integrity sha512-OhhrFMeC7dVuA1xvxuXGTv/yTdhTvbe8hz+3LgVNsfi9+vgz0sF/RrkuX8eegpKaMc9cwYwydImBH6iePoJtdQ==
